
Microsoft Visual Studio Solution File, Format Version 12.00
# Visual Studio Version 16
VisualStudioVersion = 16.0.30621.155
MinimumVisualStudioVersion = 10.0.40219.1
Project("{00D1A9C2-B5F0-4AF3-8072-F6C62B433612}") = "db.AW2019", "db.AW2019\db.AW2019.sqlproj", "{B4C54700-68F3-4416-868B-78E16018B81F}"
EndProject
Project("{00D1A9C2-B5F0-4AF3-8072-F6C62B433612}") = "db.MishoClr", "db.MishoClr\db.MishoClr.sqlproj", "{C0CB2EAB-B92E-46F8-B874-0C643004A853}"
EndProject
Global
	GlobalSection(SolutionConfigurationPlatforms) = preSolution
		Debug|Any CPU = Debug|Any CPU
		Release|Any CPU = Release|Any CPU
	EndGlobalSection
	GlobalSection(ProjectConfigurationPlatforms) = postSolution
		{B4C54700-68F3-4416-868B-78E16018B81F}.Debug|Any CPU.ActiveCfg = Debug|Any CPU
		{B4C54700-68F3-4416-868B-78E16018B81F}.Debug|Any CPU.Build.0 = Debug|Any CPU
		{B4C54700-68F3-4416-868B-78E16018B81F}.Debug|Any CPU.Deploy.0 = Debug|Any CPU
		{B4C54700-68F3-4416-868B-78E16018B81F}.Release|Any CPU.ActiveCfg = Release|Any CPU
		{B4C54700-68F3-4416-868B-78E16018B81F}.Release|Any CPU.Build.0 = Release|Any CPU
		{B4C54700-68F3-4416-868B-78E16018B81F}.Release|Any CPU.Deploy.0 = Release|Any CPU
		{C0CB2EAB-B92E-46F8-B874-0C643004A853}.Debug|Any CPU.ActiveCfg = Debug|Any CPU
		{C0CB2EAB-B92E-46F8-B874-0C643004A853}.Debug|Any CPU.Build.0 = Debug|Any CPU
		{C0CB2EAB-B92E-46F8-B874-0C643004A853}.Debug|Any CPU.Deploy.0 = Debug|Any CPU
		{C0CB2EAB-B92E-46F8-B874-0C643004A853}.Release|Any CPU.ActiveCfg = Release|Any CPU
		{C0CB2EAB-B92E-46F8-B874-0C643004A853}.Release|Any CPU.Deploy.0 = Release|Any CPU
	EndGlobalSection
	GlobalSection(SolutionProperties) = preSolution
		HideSolutionNode = FALSE
	EndGlobalSection
	GlobalSection(ExtensibilityGlobals) = postSolution
		SolutionGuid = {F5CCE647-D6E2-48D2-9285-89F25B5C4D31}
	EndGlobalSection
EndGlobal
